// !$*UTF8*$!
{
	archiveVersion = 1;
	classes = {
	};
	objectVersion = 46;
	objects = {

/* Begin PBXBuildFile section */
		553EC5731E1ECC1B0070046C /* AppDelegate.swift in Sources */ = {isa = PBXBuildFile; fileRef = 553EC5721E1ECC1B0070046C /* AppDelegate.swift */; };
		553EC5751E1ECC1B0070046C /* ViewController.swift in Sources */ = {isa = PBXBuildFile; fileRef = 553EC5741E1ECC1B0070046C /* ViewController.swift */; };
		553EC5781E1ECC1B0070046C /* Main.storyboard in Resources */ = {isa = PBXBuildFile; fileRef = 553EC5761E1ECC1B0070046C /* Main.storyboard */; };
		553EC57A1E1ECC1B0070046C /* Assets.xcassets in Resources */ = {isa = PBXBuildFile; fileRef = 553EC5791E1ECC1B0070046C /* Assets.xcassets */; };
		553EC57D1E1ECC1B0070046C /* LaunchScreen.storyboard in Resources */ = {isa = PBXBuildFile; fileRef = 553EC57B1E1ECC1B0070046C /* LaunchScreen.storyboard */; };
		553EC5851E1ED1690070046C /* collView.swift in Sources */ = {isa = PBXBuildFile; fileRef = 553EC5841E1ED1690070046C /* collView.swift */; };
		553EC5871E1ED5DE0070046C /* extra.swift in Sources */ = {isa = PBXBuildFile; fileRef = 553EC5861E1ED5DE0070046C /* extra.swift */; };
		553EC58A1E1ED6580070046C /* newcell.swift in Sources */ = {isa = PBXBuildFile; fileRef = 553EC5881E1ED6580070046C /* newcell.swift */; };
		553EC58B1E1ED6580070046C /* defaultcell.swift in Sources */ = {isa = PBXBuildFile; fileRef = 553EC5891E1ED6580070046C /* defaultcell.swift */; };
		553EC58D1E1ED8820070046C /* extensions.swift in Sources */ = {isa = PBXBuildFile; fileRef = 553EC58C1E1ED8820070046C /* extensions.swift */; };
/* End PBXBuildFile section */

/* Begin PBXFileReference section */
		553EC56F1E1ECC1B0070046C /* selectiveCollectionView.app */ = {isa = PBXFileReference; explicitFileType = wrapper.application; includeInIndex = 0; path = selectiveCollectionView.app; sourceTree = BUILT_PRODUCTS_DIR; };
		553EC5721E1ECC1B0070046C /* AppDelegate.swift */ = {isa = PBXFileReference; lastKnownFileType = sourcecode.swift; path = AppDelegate.swift; sourceTree = "<group>"; };
		553EC5741E1ECC1B0070046C /* ViewController.swift */ = {isa = PBXFileReference; lastKnownFileType = sourcecode.swift; path = ViewController.swift; sourceTree = "<group>"; };
		553EC5771E1ECC1B0070046C /* Base */ = {isa = PBXFileReference; lastKnownFileType = file.storyboard; name = Base; path = Base.lproj/Main.storyboard; sourceTree = "<group>"; };
		553EC5791E1ECC1B0070046C /* Assets.xcassets */ = {isa = PBXFileReference; lastKnownFileType = folder.assetcatalog; path = Assets.xcassets; sourceTree = "<group>"; };
		553EC57C1E1ECC1B0070046C /* Base */ = {isa = PBXFileReference; lastKnownFileType = file.storyboard; name = Base; path = Base.lproj/LaunchScreen.storyboard; sourceTree = "<group>"; };
		553EC57E1E1ECC1B0070046C /* Info.plist */ = {isa = PBXFileReference; lastKnownFileType = text.plist.xml; path = Info.plist; sourceTree = "<group>"; };
		553EC5841E1ED1690070046C /* collView.swift */ = {isa = PBXFileReference; fileEncoding = 4; lastKnownFileType = sourcecode.swift; path = collView.swift; sourceTree = "<group>"; };
		553EC5861E1ED5DE0070046C /* extra.swift */ = {isa = PBXFileReference; fileEncoding = 4; lastKnownFileType = sourcecode.swift; path = extra.swift; sourceTree = "<group>"; };
		553EC5881E1ED6580070046C /* newcell.swift */ = {isa = PBXFileReference; fileEncoding = 4; lastKnownFileType = sourcecode.swift; path = newcell.swift; sourceTree = "<group>"; };
		553EC5891E1ED6580070046C /* defaultcell.swift */ = {isa = PBXFileReference; fileEncoding = 4; lastKnownFileType = sourcecode.swift; path = defaultcell.swift; sourceTree = "<group>"; };
		553EC58C1E1ED8820070046C /* extensions.swift */ = {isa = PBXFileReference; fileEncoding = 4; lastKnownFileType = sourcecode.swift; path = extensions.swift; sourceTree = "<group>"; };
/* End PBXFileReference section */

/* Begin PBXFrameworksBuildPhase section */
		553EC56C1E1ECC1B0070046C /* Frameworks */ = {
			isa = PBXFrameworksBuildPhase;
			buildActionMask = 2147483647;
			files = (
			);
			runOnlyForDeploymentPostprocessing = 0;
		};
/* End PBXFrameworksBuildPhase section */

/* Begin PBXGroup section */
		553EC5661E1ECC1B0070046C = {
			isa = PBXGroup;
			children = (
				553EC5711E1ECC1B0070046C /* selectiveCollectionView */,
				553EC5701E1ECC1B0070046C /* Products */,
			);
			sourceTree = "<group>";
		};
		553EC5701E1ECC1B0070046C /* Products */ = {
			isa = PBXGroup;
			children = (
				553EC56F1E1ECC1B0070046C /* selectiveCollectionView.app */,
			);
			name = Products;
			sourceTree = "<group>";
		};
		553EC5711E1ECC1B0070046C /* selectiveCollectionView */ = {
			isa = PBXGroup;
			children = (
				553EC5841E1ED1690070046C /* collView.swift */,
				553EC5861E1ED5DE0070046C /* extra.swift */,
				553EC5721E1ECC1B0070046C /* AppDelegate.swift */,
				553EC5741E1ECC1B0070046C /* ViewController.swift */,
				553EC5881E1ED6580070046C /* newcell.swift */,
				553EC5891E1ED6580070046C /* defaultcell.swift */,
				553EC58C1E1ED8820070046C /* extensions.swift */,
				553EC5761E1ECC1B0070046C /* Main.storyboard */,
				553EC5791E1ECC1B0070046C /* Assets.xcassets */,
				553EC57B1E1ECC1B0070046C /* LaunchScreen.storyboard */,
				553EC57E1E1ECC1B0070046C /* Info.plist */,
			);
			path = selectiveCollectionView;
			sourceTree = "<group>";
		};
/* End PBXGroup section */

/* Begin PBXNativeTarget section */
		553EC56E1E1ECC1B0070046C /* selectiveCollectionView */ = {
			isa = PBXNativeTarget;
			buildConfigurationList = 553EC5811E1ECC1B0070046C /* Build configuration list for PBXNativeTarget "selectiveCollectionView" */;
			buildPhases = (
				553EC56B1E1ECC1B0070046C /* Sources */,
				553EC56C1E1ECC1B0070046C /* Frameworks */,
				553EC56D1E1ECC1B0070046C /* Resources */,
			);
			buildRules = (
			);
			dependencies = (
			);
			name = selectiveCollectionView;
			productName = selectiveCollectionView;
			productReference = 553EC56F1E1ECC1B0070046C /* selectiveCollectionView.app */;
			productType = "com.apple.product-type.application";
		};
/* End PBXNativeTarget section */

/* Begin PBXProject section */
		553EC5671E1ECC1B0070046C /* Project object */ = {
			isa = PBXProject;
			attributes = {
				LastSwiftUpdateCheck = 0820;
				LastUpgradeCheck = 0820;
				ORGANIZATIONNAME = "Joakim Ellestad";
				TargetAttributes = {
					553EC56E1E1ECC1B0070046C = {
						CreatedOnToolsVersion = 8.2.1;
						DevelopmentTeam = Z9H34E236H;
						ProvisioningStyle = Automatic;
					};
				};
			};
			buildConfigurationList = 553EC56A1E1ECC1B0070046C /* Build configuration list for PBXProject "selectiveCollectionView" */;
			compatibilityVersion = "Xcode 3.2";
			developmentRegion = English;
			hasScannedForEncodings = 0;
			knownRegions = (
				en,
				Base,
			);
			mainGroup = 553EC5661E1ECC1B0070046C;
			productRefGroup = 553EC5701E1ECC1B0070046C /* Products */;
			projectDirPath = "";
			projectRoot = "";
			targets = (
				553EC56E1E1ECC1B0070046C /* selectiveCollectionView */,
			);
		};
/* End PBXProject section */

/* Begin PBXResourcesBuildPhase section */
		553EC56D1E1ECC1B0070046C /* Resources */ = {
			isa = PBXResourcesBuildPhase;
			buildActionMask = 2147483647;
			files = (
				553EC57D1E1ECC1B0070046C /* LaunchScreen.storyboard in Resources */,
				553EC57A1E1ECC1B0070046C /* Assets.xcassets in Resources */,
				553EC5781E1ECC1B0070046C /* Main.storyboard in Resources */,
			);
			runOnlyForDeploymentPostprocessing = 0;
		};
/* End PBXResourcesBuildPhase section */

/* Begin PBXSourcesBuildPhase section */
		553EC56B1E1ECC1B0070046C /* Sources */ = {
			isa = PBXSourcesBuildPhase;
			buildActionMask = 2147483647;
			files = (
				553EC58A1E1ED6580070046C /* newcell.swift in Sources */,
				553EC5751E1ECC1B0070046C /* ViewController.swift in Sources */,
				553EC5851E1ED1690070046C /* collView.swift in Sources */,
				553EC58D1E1ED8820070046C /* extensions.swift in Sources */,
				553EC5871E1ED5DE0070046C /* extra.swift in Sources */,
				553EC58B1E1ED6580070046C /* defaultcell.swift in Sources */,
				553EC5731E1ECC1B0070046C /* AppDelegate.swift in Sources */,
			);
			runOnlyForDeploymentPostprocessing = 0;
		};
/* End PBXSourcesBuildPhase section */

/* Begin PBXVariantGroup section */
		553EC5761E1ECC1B0070046C /* Main.storyboard */ = {
			isa = PBXVariantGroup;
			children = (
				553EC5771E1ECC1B0070046C /* Base */,
			);
			name = Main.storyboard;
			sourceTree = "<group>";
		};
		553EC57B1E1ECC1B0070046C /* LaunchScreen.storyboard */ = {
			isa = PBXVariantGroup;
			children = (
				553EC57C1E1ECC1B0070046C /* Base */,
			);
			name = LaunchScreen.storyboard;
			sourceTree = "<group>";
		};
/* End PBXVariantGroup section */

/* Begin XCBuildConfiguration section */
		553EC57F1E1ECC1B0070046C /* Debug */ = {
			isa = XCBuildConfiguration;
			buildSettings = {
				ALWAYS_SEARCH_USER_PATHS = NO;
				CLANG_ANALYZER_NONNULL = YES;
				CLANG_CXX_LANGUAGE_STANDARD = "gnu++0x";
				CLANG_CXX_LIBRARY = "libc++";
				CLANG_ENABLE_MODULES = YES;
				CLANG_ENABLE_OBJC_ARC = YES;
				CLANG_WARN_BOOL_CONVERSION = YES;
				CLANG_WARN_CONSTANT_CONVERSION = YES;
				CLANG_WARN_DIRECT_OBJC_ISA_USAGE = YES_ERROR;
				CLANG_WARN_DOCUMENTATION_COMMENTS = YES;
				CLANG_WARN_EMPTY_BODY = YES;
				CLANG_WARN_ENUM_CONVERSION = YES;
				CLANG_WARN_INFINITE_RECURSION = YES;
				CLANG_WARN_INT_CONVERSION = YES;
				CLANG_WARN_OBJC_ROOT_CLASS = YES_ERROR;
				CLANG_WARN_SUSPICIOUS_MOVE = YES;
				CLANG_WARN_UNREACHABLE_CODE = YES;
				CLANG_WARN__DUPLICATE_METHOD_MATCH = YES;
				"CODE_SIGN_IDENTITY[sdk=iphoneos*]" = "iPhone Developer";
				COPY_PHASE_STRIP = NO;
				DEBUG_INFORMATION_FORMAT = dwarf;
				ENABLE_STRICT_OBJC_MSGSEND = YES;
				ENABLE_TESTABILITY = YES;
				GCC_C_LANGUAGE_STANDARD = gnu99;
				GCC_DYNAMIC_NO_PIC = NO;
				GCC_NO_COMMON_BLOCKS = YES;
				GCC_OPTIMIZATION_LEVEL = 0;
				GCC_PREPROCESSOR_DEFINITIONS = (
					"DEBUG=1",
					"$(inherited)",
				);
				GCC_WARN_64_TO_32_BIT_CONVERSION = YES;
				GCC_WARN_ABOUT_RETURN_TYPE = YES_ERROR;
				GCC_WARN_UNDECLARED_SELECTOR = YES;
				GCC_WARN_UNINITIALIZED_AUTOS = YES_AGGRESSIVE;
				GCC_WARN_UNUSED_FUNCTION = YES;
				GCC_WARN_UNUSED_VARIABLE = YES;
				IPHONEOS_DEPLOYMENT_TARGET = 10.2;
				MTL_ENABLE_DEBUG_INFO = YES;
				ONLY_ACTIVE_ARCH = YES;
				SDKROOT = iphoneos;
				SWIFT_ACTIVE_COMPILATION_CONDITIONS = DEBUG;
				SWIFT_OPTIMIZATION_LEVEL = "-Onone";
				TARGETED_DEVICE_FAMILY = "1,2";
			};
			name = Debug;
		};
		553EC5801E1ECC1B0070046C /* Release */ = {
			isa = XCBuildConfiguration;
			buildSettings = {
				ALWAYS_SEARCH_USER_PATHS = NO;
				CLANG_ANALYZER_NONNULL = YES;
				CLANG_CXX_LANGUAGE_STANDARD = "gnu++0x";
				CLANG_CXX_LIBRARY = "libc++";
				CLANG_ENABLE_MODULES = YES;
				CLANG_ENABLE_OBJC_ARC = YES;
				CLANG_WARN_BOOL_CONVERSION = YES;
				CLANG_WARN_CONSTANT_CONVERSION = YES;
				CLANG_WARN_DIRECT_OBJC_ISA_USAGE = YES_ERROR;
				CLANG_WARN_DOCUMENTATION_COMMENTS = YES;
				CLANG_WARN_EMPTY_BODY = YES;
				CLANG_WARN_ENUM_CONVERSION = YES;
				CLANG_WARN_INFINITE_RECURSION = YES;
				CLANG_WARN_INT_CONVERSION = YES;
				CLANG_WARN_OBJC_ROOT_CLASS = YES_ERROR;
				CLANG_WARN_SUSPICIOUS_MOVE = YES;
				CLANG_WARN_UNREACHABLE_CODE = YES;
				CLANG_WARN__DUPLICATE_METHOD_MATCH = YES;
				"CODE_SIGN_IDENTITY[sdk=iphoneos*]" = "iPhone Developer";
				COPY_PHASE_STRIP = NO;
				DEBUG_INFORMATION_FORMAT = "dwarf-with-dsym";
				ENABLE_NS_ASSERTIONS = NO;
				ENABLE_STRICT_OBJC_MSGSEND = YES;
				GCC_C_LANGUAGE_STANDARD = gnu99;
				GCC_NO_COMMON_BLOCKS = YES;
				GCC_WARN_64_TO_32_BIT_CONVERSION = YES;
				GCC_WARN_ABOUT_RETURN_TYPE = YES_ERROR;
				GCC_WARN_UNDECLARED_SELECTOR = YES;
				GCC_WARN_UNINITIALIZED_AUTOS = YES_AGGRESSIVE;
				GCC_WARN_UNUSED_FUNCTION = YES;
				GCC_WARN_UNUSED_VARIABLE = YES;
				IPHONEOS_DEPLOYMENT_TARGET = 10.2;
				MTL_ENABLE_DEBUG_INFO = NO;
				SDKROOT = iphoneos;
				SWIFT_OPTIMIZATION_LEVEL = "-Owholemodule";
				TARGETED_DEVICE_FAMILY = "1,2";
				VALIDATE_PRODUCT = YES;
			};
			name = Release;
		};
		553EC5821E1ECC1B0070046C /* Debug */ = {
			isa = XCBuildConfiguration;
			buildSettings = {
				ASSETCATALOG_COMPILER_APPICON_NAME = AppIcon;
				DEVELOPMENT_TEAM = Z9H34E236H;
				INFOPLIST_FILE = selectiveCollectionView/Info.plist;
				LD_RUNPATH_SEARCH_PATHS = "$(inherited) @executable_path/Frameworks";
				PRODUCT_BUNDLE_IDENTIFIER = com.Ellestad1995.selectiveCollectionView;
				PRODUCT_NAME = "$(TARGET_NAME)";
				SWIFT_VERSION = 3.0;
			};
			name = Debug;
		};
		553EC5831E1ECC1B0070046C /* Release */ = {
			isa = XCBuildConfiguration;
			buildSettings = {
				ASSETCATALOG_COMPILER_APPICON_NAME = AppIcon;
				DEVELOPMENT_TEAM = Z9H34E236H;
				INFOPLIST_FILE = selectiveCollectionView/Info.plist;
				LD_RUNPATH_SEARCH_PATHS = "$(inherited) @executable_path/Frameworks";
				PRODUCT_BUNDLE_IDENTIFIER = com.Ellestad1995.selectiveCollectionView;
				PRODUCT_NAME = "$(TARGET_NAME)";
				SWIFT_VERSION = 3.0;
			};
			name = Release;
		};
/* End XCBuildConfiguration section */

/* Begin XCConfigurationList section */
		553EC56A1E1ECC1B0070046C /* Build configuration list for PBXProject "selectiveCollectionView" */ = {
			isa = XCConfigurationList;
			buildConfigurations = (
				553EC57F1E1ECC1B0070046C /* Debug */,
				553EC5801E1ECC1B0070046C /* Release */,
			);
			defaultConfigurationIsVisible = 0;
			defaultConfigurationName = Release;
		};
		553EC5811E1ECC1B0070046C /* Build configuration list for PBXNativeTarget "selectiveCollectionView" */ = {
			isa = XCConfigurationList;
			buildConfigurations = (
				553EC5821E1ECC1B0070046C /* Debug */,
				553EC5831E1ECC1B0070046C /* Release */,
			);
			defaultConfigurationIsVisible = 0;
			defaultConfigurationName = Release;
		};
/* End XCConfigurationList section */
	};
	rootObject = 553EC5671E1ECC1B0070046C /* Project object */;
}
