// !$*UTF8*$!
{
	archiveVersion = 1;
	classes = {
	};
	objectVersion = 46;
	objects = {

/* Begin PBXBuildFile section */
		551381631EDEDAF300BBF3CB /* AppDelegate.swift in Sources */ = {isa = PBXBuildFile; fileRef = 551381621EDEDAF300BBF3CB /* AppDelegate.swift */; };
		551381651EDEDAF300BBF3CB /* ViewController.swift in Sources */ = {isa = PBXBuildFile; fileRef = 551381641EDEDAF300BBF3CB /* ViewController.swift */; };
		551381681EDEDAF300BBF3CB /* Main.storyboard in Resources */ = {isa = PBXBuildFile; fileRef = 551381661EDEDAF300BBF3CB /* Main.storyboard */; };
		5513816A1EDEDAF300BBF3CB /* Assets.xcassets in Resources */ = {isa = PBXBuildFile; fileRef = 551381691EDEDAF300BBF3CB /* Assets.xcassets */; };
		5513816D1EDEDAF300BBF3CB /* LaunchScreen.storyboard in Resources */ = {isa = PBXBuildFile; fileRef = 5513816B1EDEDAF300BBF3CB /* LaunchScreen.storyboard */; };
		551381751EDEDB9500BBF3CB /* BottomSheet.swift in Sources */ = {isa = PBXBuildFile; fileRef = 551381741EDEDB9500BBF3CB /* BottomSheet.swift */; };
		551381771EDEDE4A00BBF3CB /* extensions.swift in Sources */ = {isa = PBXBuildFile; fileRef = 551381761EDEDE4A00BBF3CB /* extensions.swift */; };
/* End PBXBuildFile section */

/* Begin PBXFileReference section */
		5513815F1EDEDAF300BBF3CB /* BottomSheet.app */ = {isa = PBXFileReference; explicitFileType = wrapper.application; includeInIndex = 0; path = BottomSheet.app; sourceTree = BUILT_PRODUCTS_DIR; };
		551381621EDEDAF300BBF3CB /* AppDelegate.swift */ = {isa = PBXFileReference; lastKnownFileType = sourcecode.swift; path = AppDelegate.swift; sourceTree = "<group>"; };
		551381641EDEDAF300BBF3CB /* ViewController.swift */ = {isa = PBXFileReference; lastKnownFileType = sourcecode.swift; path = ViewController.swift; sourceTree = "<group>"; };
		551381671EDEDAF300BBF3CB /* Base */ = {isa = PBXFileReference; lastKnownFileType = file.storyboard; name = Base; path = Base.lproj/Main.storyboard; sourceTree = "<group>"; };
		551381691EDEDAF300BBF3CB /* Assets.xcassets */ = {isa = PBXFileReference; lastKnownFileType = folder.assetcatalog; path = Assets.xcassets; sourceTree = "<group>"; };
		5513816C1EDEDAF300BBF3CB /* Base */ = {isa = PBXFileReference; lastKnownFileType = file.storyboard; name = Base; path = Base.lproj/LaunchScreen.storyboard; sourceTree = "<group>"; };
		5513816E1EDEDAF300BBF3CB /* Info.plist */ = {isa = PBXFileReference; lastKnownFileType = text.plist.xml; path = Info.plist; sourceTree = "<group>"; };
		551381741EDEDB9500BBF3CB /* BottomSheet.swift */ = {isa = PBXFileReference; fileEncoding = 4; lastKnownFileType = sourcecode.swift; path = BottomSheet.swift; sourceTree = "<group>"; };
		551381761EDEDE4A00BBF3CB /* extensions.swift */ = {isa = PBXFileReference; fileEncoding = 4; lastKnownFileType = sourcecode.swift; path = extensions.swift; sourceTree = "<group>"; };
/* End PBXFileReference section */

/* Begin PBXFrameworksBuildPhase section */
		5513815C1EDEDAF300BBF3CB /* Frameworks */ = {
			isa = PBXFrameworksBuildPhase;
			buildActionMask = 2147483647;
			files = (
			);
			runOnlyForDeploymentPostprocessing = 0;
		};
/* End PBXFrameworksBuildPhase section */

/* Begin PBXGroup section */
		551381561EDEDAF300BBF3CB = {
			isa = PBXGroup;
			children = (
				551381611EDEDAF300BBF3CB /* BottomSheet */,
				551381601EDEDAF300BBF3CB /* Products */,
			);
			sourceTree = "<group>";
		};
		551381601EDEDAF300BBF3CB /* Products */ = {
			isa = PBXGroup;
			children = (
				5513815F1EDEDAF300BBF3CB /* BottomSheet.app */,
			);
			name = Products;
			sourceTree = "<group>";
		};
		551381611EDEDAF300BBF3CB /* BottomSheet */ = {
			isa = PBXGroup;
			children = (
				551381621EDEDAF300BBF3CB /* AppDelegate.swift */,
				551381641EDEDAF300BBF3CB /* ViewController.swift */,
				551381741EDEDB9500BBF3CB /* BottomSheet.swift */,
				551381661EDEDAF300BBF3CB /* Main.storyboard */,
				551381691EDEDAF300BBF3CB /* Assets.xcassets */,
				5513816B1EDEDAF300BBF3CB /* LaunchScreen.storyboard */,
				5513816E1EDEDAF300BBF3CB /* Info.plist */,
				551381761EDEDE4A00BBF3CB /* extensions.swift */,
			);
			path = BottomSheet;
			sourceTree = "<group>";
		};
/* End PBXGroup section */

/* Begin PBXNativeTarget section */
		5513815E1EDEDAF300BBF3CB /* BottomSheet */ = {
			isa = PBXNativeTarget;
			buildConfigurationList = 551381711EDEDAF300BBF3CB /* Build configuration list for PBXNativeTarget "BottomSheet" */;
			buildPhases = (
				5513815B1EDEDAF300BBF3CB /* Sources */,
				5513815C1EDEDAF300BBF3CB /* Frameworks */,
				5513815D1EDEDAF300BBF3CB /* Resources */,
			);
			buildRules = (
			);
			dependencies = (
			);
			name = BottomSheet;
			productName = BottomSheet;
			productReference = 5513815F1EDEDAF300BBF3CB /* BottomSheet.app */;
			productType = "com.apple.product-type.application";
		};
/* End PBXNativeTarget section */

/* Begin PBXProject section */
		551381571EDEDAF300BBF3CB /* Project object */ = {
			isa = PBXProject;
			attributes = {
				LastSwiftUpdateCheck = 0830;
				LastUpgradeCheck = 0830;
				ORGANIZATIONNAME = "Joakim Nereng Ellestad";
				TargetAttributes = {
					5513815E1EDEDAF300BBF3CB = {
						CreatedOnToolsVersion = 8.3.1;
						ProvisioningStyle = Automatic;
					};
				};
			};
			buildConfigurationList = 5513815A1EDEDAF300BBF3CB /* Build configuration list for PBXProject "BottomSheet" */;
			compatibilityVersion = "Xcode 3.2";
			developmentRegion = English;
			hasScannedForEncodings = 0;
			knownRegions = (
				en,
				Base,
			);
			mainGroup = 551381561EDEDAF300BBF3CB;
			productRefGroup = 551381601EDEDAF300BBF3CB /* Products */;
			projectDirPath = "";
			projectRoot = "";
			targets = (
				5513815E1EDEDAF300BBF3CB /* BottomSheet */,
			);
		};
/* End PBXProject section */

/* Begin PBXResourcesBuildPhase section */
		5513815D1EDEDAF300BBF3CB /* Resources */ = {
			isa = PBXResourcesBuildPhase;
			buildActionMask = 2147483647;
			files = (
				5513816D1EDEDAF300BBF3CB /* LaunchScreen.storyboard in Resources */,
				5513816A1EDEDAF300BBF3CB /* Assets.xcassets in Resources */,
				551381681EDEDAF300BBF3CB /* Main.storyboard in Resources */,
			);
			runOnlyForDeploymentPostprocessing = 0;
		};
/* End PBXResourcesBuildPhase section */

/* Begin PBXSourcesBuildPhase section */
		5513815B1EDEDAF300BBF3CB /* Sources */ = {
			isa = PBXSourcesBuildPhase;
			buildActionMask = 2147483647;
			files = (
				551381651EDEDAF300BBF3CB /* ViewController.swift in Sources */,
				551381751EDEDB9500BBF3CB /* BottomSheet.swift in Sources */,
				551381631EDEDAF300BBF3CB /* AppDelegate.swift in Sources */,
				551381771EDEDE4A00BBF3CB /* extensions.swift in Sources */,
			);
			runOnlyForDeploymentPostprocessing = 0;
		};
/* End PBXSourcesBuildPhase section */

/* Begin PBXVariantGroup section */
		551381661EDEDAF300BBF3CB /* Main.storyboard */ = {
			isa = PBXVariantGroup;
			children = (
				551381671EDEDAF300BBF3CB /* Base */,
			);
			name = Main.storyboard;
			sourceTree = "<group>";
		};
		5513816B1EDEDAF300BBF3CB /* LaunchScreen.storyboard */ = {
			isa = PBXVariantGroup;
			children = (
				5513816C1EDEDAF300BBF3CB /* Base */,
			);
			name = LaunchScreen.storyboard;
			sourceTree = "<group>";
		};
/* End PBXVariantGroup section */

/* Begin XCBuildConfiguration section */
		5513816F1EDEDAF300BBF3CB /* Debug */ = {
			isa = XCBuildConfiguration;
			buildSettings = {
				ALWAYS_SEARCH_USER_PATHS = NO;
				CLANG_ANALYZER_NONNULL = YES;
				CLANG_ANALYZER_NUMBER_OBJECT_CONVERSION = YES_AGGRESSIVE;
				CLANG_CXX_LANGUAGE_STANDARD = "gnu++0x";
				CLANG_CXX_LIBRARY = "libc++";
				CLANG_ENABLE_MODULES = YES;
				CLANG_ENABLE_OBJC_ARC = YES;
				CLANG_WARN_BOOL_CONVERSION = YES;
				CLANG_WARN_CONSTANT_CONVERSION = YES;
				CLANG_WARN_DIRECT_OBJC_ISA_USAGE = YES_ERROR;
				CLANG_WARN_DOCUMENTATION_COMMENTS = YES;
				CLANG_WARN_EMPTY_BODY = YES;
				CLANG_WARN_ENUM_CONVERSION = YES;
				CLANG_WARN_INFINITE_RECURSION = YES;
				CLANG_WARN_INT_CONVERSION = YES;
				CLANG_WARN_OBJC_ROOT_CLASS = YES_ERROR;
				CLANG_WARN_SUSPICIOUS_MOVE = YES;
				CLANG_WARN_UNREACHABLE_CODE = YES;
				CLANG_WARN__DUPLICATE_METHOD_MATCH = YES;
				"CODE_SIGN_IDENTITY[sdk=iphoneos*]" = "iPhone Developer";
				COPY_PHASE_STRIP = NO;
				DEBUG_INFORMATION_FORMAT = dwarf;
				ENABLE_STRICT_OBJC_MSGSEND = YES;
				ENABLE_TESTABILITY = YES;
				GCC_C_LANGUAGE_STANDARD = gnu99;
				GCC_DYNAMIC_NO_PIC = NO;
				GCC_NO_COMMON_BLOCKS = YES;
				GCC_OPTIMIZATION_LEVEL = 0;
				GCC_PREPROCESSOR_DEFINITIONS = (
					"DEBUG=1",
					"$(inherited)",
				);
				GCC_WARN_64_TO_32_BIT_CONVERSION = YES;
				GCC_WARN_ABOUT_RETURN_TYPE = YES_ERROR;
				GCC_WARN_UNDECLARED_SELECTOR = YES;
				GCC_WARN_UNINITIALIZED_AUTOS = YES_AGGRESSIVE;
				GCC_WARN_UNUSED_FUNCTION = YES;
				GCC_WARN_UNUSED_VARIABLE = YES;
				IPHONEOS_DEPLOYMENT_TARGET = 10.3;
				MTL_ENABLE_DEBUG_INFO = YES;
				ONLY_ACTIVE_ARCH = YES;
				SDKROOT = iphoneos;
				SWIFT_ACTIVE_COMPILATION_CONDITIONS = DEBUG;
				SWIFT_OPTIMIZATION_LEVEL = "-Onone";
				TARGETED_DEVICE_FAMILY = "1,2";
			};
			name = Debug;
		};
		551381701EDEDAF300BBF3CB /* Release */ = {
			isa = XCBuildConfiguration;
			buildSettings = {
				ALWAYS_SEARCH_USER_PATHS = NO;
				CLANG_ANALYZER_NONNULL = YES;
				CLANG_ANALYZER_NUMBER_OBJECT_CONVERSION = YES_AGGRESSIVE;
				CLANG_CXX_LANGUAGE_STANDARD = "gnu++0x";
				CLANG_CXX_LIBRARY = "libc++";
				CLANG_ENABLE_MODULES = YES;
				CLANG_ENABLE_OBJC_ARC = YES;
				CLANG_WARN_BOOL_CONVERSION = YES;
				CLANG_WARN_CONSTANT_CONVERSION = YES;
				CLANG_WARN_DIRECT_OBJC_ISA_USAGE = YES_ERROR;
				CLANG_WARN_DOCUMENTATION_COMMENTS = YES;
				CLANG_WARN_EMPTY_BODY = YES;
				CLANG_WARN_ENUM_CONVERSION = YES;
				CLANG_WARN_INFINITE_RECURSION = YES;
				CLANG_WARN_INT_CONVERSION = YES;
				CLANG_WARN_OBJC_ROOT_CLASS = YES_ERROR;
				CLANG_WARN_SUSPICIOUS_MOVE = YES;
				CLANG_WARN_UNREACHABLE_CODE = YES;
				CLANG_WARN__DUPLICATE_METHOD_MATCH = YES;
				"CODE_SIGN_IDENTITY[sdk=iphoneos*]" = "iPhone Developer";
				COPY_PHASE_STRIP = NO;
				DEBUG_INFORMATION_FORMAT = "dwarf-with-dsym";
				ENABLE_NS_ASSERTIONS = NO;
				ENABLE_STRICT_OBJC_MSGSEND = YES;
				GCC_C_LANGUAGE_STANDARD = gnu99;
				GCC_NO_COMMON_BLOCKS = YES;
				GCC_WARN_64_TO_32_BIT_CONVERSION = YES;
				GCC_WARN_ABOUT_RETURN_TYPE = YES_ERROR;
				GCC_WARN_UNDECLARED_SELECTOR = YES;
				GCC_WARN_UNINITIALIZED_AUTOS = YES_AGGRESSIVE;
				GCC_WARN_UNUSED_FUNCTION = YES;
				GCC_WARN_UNUSED_VARIABLE = YES;
				IPHONEOS_DEPLOYMENT_TARGET = 10.3;
				MTL_ENABLE_DEBUG_INFO = NO;
				SDKROOT = iphoneos;
				SWIFT_OPTIMIZATION_LEVEL = "-Owholemodule";
				TARGETED_DEVICE_FAMILY = "1,2";
				VALIDATE_PRODUCT = YES;
			};
			name = Release;
		};
		551381721EDEDAF300BBF3CB /* Debug */ = {
			isa = XCBuildConfiguration;
			buildSettings = {
				ASSETCATALOG_COMPILER_APPICON_NAME = AppIcon;
				INFOPLIST_FILE = BottomSheet/Info.plist;
				LD_RUNPATH_SEARCH_PATHS = "$(inherited) @executable_path/Frameworks";
				PRODUCT_BUNDLE_IDENTIFIER = com.ellestad1995.BottomSheet;
				PRODUCT_NAME = "$(TARGET_NAME)";
				SWIFT_VERSION = 3.0;
			};
			name = Debug;
		};
		551381731EDEDAF300BBF3CB /* Release */ = {
			isa = XCBuildConfiguration;
			buildSettings = {
				ASSETCATALOG_COMPILER_APPICON_NAME = AppIcon;
				INFOPLIST_FILE = BottomSheet/Info.plist;
				LD_RUNPATH_SEARCH_PATHS = "$(inherited) @executable_path/Frameworks";
				PRODUCT_BUNDLE_IDENTIFIER = com.ellestad1995.BottomSheet;
				PRODUCT_NAME = "$(TARGET_NAME)";
				SWIFT_VERSION = 3.0;
			};
			name = Release;
		};
/* End XCBuildConfiguration section */

/* Begin XCConfigurationList section */
		5513815A1EDEDAF300BBF3CB /* Build configuration list for PBXProject "BottomSheet" */ = {
			isa = XCConfigurationList;
			buildConfigurations = (
				5513816F1EDEDAF300BBF3CB /* Debug */,
				551381701EDEDAF300BBF3CB /* Release */,
			);
			defaultConfigurationIsVisible = 0;
			defaultConfigurationName = Release;
		};
		551381711EDEDAF300BBF3CB /* Build configuration list for PBXNativeTarget "BottomSheet" */ = {
			isa = XCConfigurationList;
			buildConfigurations = (
				551381721EDEDAF300BBF3CB /* Debug */,
				551381731EDEDAF300BBF3CB /* Release */,
			);
			defaultConfigurationIsVisible = 0;
		};
/* End XCConfigurationList section */
	};
	rootObject = 551381571EDEDAF300BBF3CB /* Project object */;
}
